Microsoft Visual Studio Solution File, Format Version 11.00
# Visual Studio 2010
Project("{FAE04EC0-301F-11D3-BF4B-00C04F79EFBC}") = "SRR.BusinessLayer", "SRR\BusinessLayer\SRR.BusinessLayer.csproj", "{FA964288-7E8C-47F0-969A-087159607E00}"
EndProject
Project("{FAE04EC0-301F-11D3-BF4B-00C04F79EFBC}") = "DataLayer", "DataLayer\DataLayer.csproj", "{7A1584F6-B262-40DF-8B18-58E74E473D06}"
EndProject
Project("{FAE04EC0-301F-11D3-BF4B-00C04F79EFBC}") = "Startup", "Startup\Startup.csproj", "{81B26853-A23A-42F1-A6E2-1FF56A879F30}"
EndProject
Project("{FAE04EC0-301F-11D3-BF4B-00C04F79EFBC}") = "BaseClasses", "BaseClasses\BaseClasses.csproj", "{1CA377F4-1956-461B-A2F6-24DD8DB623D6}"
EndProject
Project("{FAE04EC0-301F-11D3-BF4B-00C04F79EFBC}") = "Framework", "Framework\Framework.csproj", "{B3ABBF6A-A1BD-4188-B60B-DD8025C776D7}"
EndProject
Project("{FAE04EC0-301F-11D3-BF4B-00C04F79EFBC}") = "Shared", "Shared\Shared.csproj", "{260671E1-F31F-4D6B-8D34-DD26C9095686}"
EndProject
Project("{FAE04EC0-301F-11D3-BF4B-00C04F79EFBC}") = "LocalData", "LocalData\LocalData.csproj", "{59367AE4-188D-460E-8BF4-26E5E776E55F}"
EndProject
Project("{FAE04EC0-301F-11D3-BF4B-00C04F79EFBC}") = "SRR.UI", "SRR\UI\SRR.UI.csproj", "{28172683-71FC-41C2-9067-8224E73EB39D}"
EndProject
Global
	GlobalSection(SubversionScc) = preSolution
		Svn-Managed = True
		Manager = AnkhSVN - Subversion Support for Visual Studio
	EndGlobalSection
	GlobalSection(SolutionConfigurationPlatforms) = preSolution
		Debug|Any CPU = Debug|Any CPU
		Debug|Mixed Platforms = Debug|Mixed Platforms
		Debug|x86 = Debug|x86
		Debug32|Any CPU = Debug32|Any CPU
		Debug32|Mixed Platforms = Debug32|Mixed Platforms
		Debug32|x86 = Debug32|x86
		Deployment|Any CPU = Deployment|Any CPU
		Deployment|Mixed Platforms = Deployment|Mixed Platforms
		Deployment|x86 = Deployment|x86
		Release|Any CPU = Release|Any CPU
		Release|Mixed Platforms = Release|Mixed Platforms
		Release|x86 = Release|x86
		Description = 
	EndGlobalSection
	GlobalSection(ProjectConfigurationPlatforms) = postSolution
		{FA964288-7E8C-47F0-969A-087159607E00}.Debug|Any CPU.ActiveCfg = Debug|Any CPU
		{FA964288-7E8C-47F0-969A-087159607E00}.Debug|Any CPU.Build.0 = Debug|Any CPU
		{FA964288-7E8C-47F0-969A-087159607E00}.Debug|Mixed Platforms.ActiveCfg = Debug|Any CPU
		{FA964288-7E8C-47F0-969A-087159607E00}.Debug|Mixed Platforms.Build.0 = Debug|Any CPU
		{FA964288-7E8C-47F0-969A-087159607E00}.Debug|x86.ActiveCfg = Debug|Any CPU
		{FA964288-7E8C-47F0-969A-087159607E00}.Debug32|Any CPU.ActiveCfg = Debug32|x86
		{FA964288-7E8C-47F0-969A-087159607E00}.Debug32|Any CPU.Build.0 = Debug32|x86
		{FA964288-7E8C-47F0-969A-087159607E00}.Debug32|Mixed Platforms.ActiveCfg = Debug32|x86
		{FA964288-7E8C-47F0-969A-087159607E00}.Debug32|Mixed Platforms.Build.0 = Debug32|x86
		{FA964288-7E8C-47F0-969A-087159607E00}.Debug32|x86.ActiveCfg = Debug32|x86
		{FA964288-7E8C-47F0-969A-087159607E00}.Debug32|x86.Build.0 = Debug32|x86
		{FA964288-7E8C-47F0-969A-087159607E00}.Deployment|Any CPU.ActiveCfg = Deployment|Any CPU
		{FA964288-7E8C-47F0-969A-087159607E00}.Deployment|Any CPU.Build.0 = Deployment|Any CPU
		{FA964288-7E8C-47F0-969A-087159607E00}.Deployment|Mixed Platforms.ActiveCfg = Deployment|x86
		{FA964288-7E8C-47F0-969A-087159607E00}.Deployment|Mixed Platforms.Build.0 = Deployment|x86
		{FA964288-7E8C-47F0-969A-087159607E00}.Deployment|x86.ActiveCfg = Deployment|x86
		{FA964288-7E8C-47F0-969A-087159607E00}.Deployment|x86.Build.0 = Deployment|x86
		{FA964288-7E8C-47F0-969A-087159607E00}.Release|Any CPU.ActiveCfg = Release|Any CPU
		{FA964288-7E8C-47F0-969A-087159607E00}.Release|Any CPU.Build.0 = Release|Any CPU
		{FA964288-7E8C-47F0-969A-087159607E00}.Release|Mixed Platforms.ActiveCfg = Release|Any CPU
		{FA964288-7E8C-47F0-969A-087159607E00}.Release|Mixed Platforms.Build.0 = Release|Any CPU
		{FA964288-7E8C-47F0-969A-087159607E00}.Release|x86.ActiveCfg = Release|Any CPU
		{7A1584F6-B262-40DF-8B18-58E74E473D06}.Debug|Any CPU.ActiveCfg = Debug|Any CPU
		{7A1584F6-B262-40DF-8B18-58E74E473D06}.Debug|Any CPU.Build.0 = Debug|Any CPU
		{7A1584F6-B262-40DF-8B18-58E74E473D06}.Debug|Mixed Platforms.ActiveCfg = Debug|Any CPU
		{7A1584F6-B262-40DF-8B18-58E74E473D06}.Debug|Mixed Platforms.Build.0 = Debug|Any CPU
		{7A1584F6-B262-40DF-8B18-58E74E473D06}.Debug|x86.ActiveCfg = Debug|Any CPU
		{7A1584F6-B262-40DF-8B18-58E74E473D06}.Debug32|Any CPU.ActiveCfg = Debug32|x86
		{7A1584F6-B262-40DF-8B18-58E74E473D06}.Debug32|Any CPU.Build.0 = Debug32|x86
		{7A1584F6-B262-40DF-8B18-58E74E473D06}.Debug32|Mixed Platforms.ActiveCfg = Debug32|x86
		{7A1584F6-B262-40DF-8B18-58E74E473D06}.Debug32|Mixed Platforms.Build.0 = Debug32|x86
		{7A1584F6-B262-40DF-8B18-58E74E473D06}.Debug32|x86.ActiveCfg = Debug32|x86
		{7A1584F6-B262-40DF-8B18-58E74E473D06}.Debug32|x86.Build.0 = Debug32|x86
		{7A1584F6-B262-40DF-8B18-58E74E473D06}.Deployment|Any CPU.ActiveCfg = Deployment|Any CPU
		{7A1584F6-B262-40DF-8B18-58E74E473D06}.Deployment|Any CPU.Build.0 = Deployment|Any CPU
		{7A1584F6-B262-40DF-8B18-58E74E473D06}.Deployment|Mixed Platforms.ActiveCfg = Deployment|x86
		{7A1584F6-B262-40DF-8B18-58E74E473D06}.Deployment|Mixed Platforms.Build.0 = Deployment|x86
		{7A1584F6-B262-40DF-8B18-58E74E473D06}.Deployment|x86.ActiveCfg = Deployment|x86
		{7A1584F6-B262-40DF-8B18-58E74E473D06}.Deployment|x86.Build.0 = Deployment|x86
		{7A1584F6-B262-40DF-8B18-58E74E473D06}.Release|Any CPU.ActiveCfg = Release|Any CPU
		{7A1584F6-B262-40DF-8B18-58E74E473D06}.Release|Any CPU.Build.0 = Release|Any CPU
		{7A1584F6-B262-40DF-8B18-58E74E473D06}.Release|Mixed Platforms.ActiveCfg = Release|Any CPU
		{7A1584F6-B262-40DF-8B18-58E74E473D06}.Release|Mixed Platforms.Build.0 = Release|Any CPU
		{7A1584F6-B262-40DF-8B18-58E74E473D06}.Release|x86.ActiveCfg = Release|Any CPU
		{81B26853-A23A-42F1-A6E2-1FF56A879F30}.Debug|Any CPU.ActiveCfg = Debug|Any CPU
		{81B26853-A23A-42F1-A6E2-1FF56A879F30}.Debug|Any CPU.Build.0 = Debug|Any CPU
		{81B26853-A23A-42F1-A6E2-1FF56A879F30}.Debug|Mixed Platforms.ActiveCfg = Debug|Any CPU
		{81B26853-A23A-42F1-A6E2-1FF56A879F30}.Debug|Mixed Platforms.Build.0 = Debug|Any CPU
		{81B26853-A23A-42F1-A6E2-1FF56A879F30}.Debug|x86.ActiveCfg = Debug|x86
		{81B26853-A23A-42F1-A6E2-1FF56A879F30}.Debug|x86.Build.0 = Debug|x86
		{81B26853-A23A-42F1-A6E2-1FF56A879F30}.Debug32|Any CPU.ActiveCfg = Debug32|x86
		{81B26853-A23A-42F1-A6E2-1FF56A879F30}.Debug32|Any CPU.Build.0 = Debug32|x86
		{81B26853-A23A-42F1-A6E2-1FF56A879F30}.Debug32|Mixed Platforms.ActiveCfg = Debug32|Any CPU
		{81B26853-A23A-42F1-A6E2-1FF56A879F30}.Debug32|Mixed Platforms.Build.0 = Debug32|Any CPU
		{81B26853-A23A-42F1-A6E2-1FF56A879F30}.Debug32|x86.ActiveCfg = Debug32|x86
		{81B26853-A23A-42F1-A6E2-1FF56A879F30}.Debug32|x86.Build.0 = Debug32|x86
		{81B26853-A23A-42F1-A6E2-1FF56A879F30}.Deployment|Any CPU.ActiveCfg = Deployment|Any CPU
		{81B26853-A23A-42F1-A6E2-1FF56A879F30}.Deployment|Any CPU.Build.0 = Deployment|Any CPU
		{81B26853-A23A-42F1-A6E2-1FF56A879F30}.Deployment|Mixed Platforms.ActiveCfg = Deployment|Any CPU
		{81B26853-A23A-42F1-A6E2-1FF56A879F30}.Deployment|Mixed Platforms.Build.0 = Deployment|Any CPU
		{81B26853-A23A-42F1-A6E2-1FF56A879F30}.Deployment|x86.ActiveCfg = Deployment|x86
		{81B26853-A23A-42F1-A6E2-1FF56A879F30}.Deployment|x86.Build.0 = Deployment|x86
		{81B26853-A23A-42F1-A6E2-1FF56A879F30}.Release|Any CPU.ActiveCfg = Release|Any CPU
		{81B26853-A23A-42F1-A6E2-1FF56A879F30}.Release|Any CPU.Build.0 = Release|Any CPU
		{81B26853-A23A-42F1-A6E2-1FF56A879F30}.Release|Mixed Platforms.ActiveCfg = Release|Any CPU
		{81B26853-A23A-42F1-A6E2-1FF56A879F30}.Release|Mixed Platforms.Build.0 = Release|Any CPU
		{81B26853-A23A-42F1-A6E2-1FF56A879F30}.Release|x86.ActiveCfg = Release|x86
		{81B26853-A23A-42F1-A6E2-1FF56A879F30}.Release|x86.Build.0 = Release|x86
		{1CA377F4-1956-461B-A2F6-24DD8DB623D6}.Debug|Any CPU.ActiveCfg = Debug|Any CPU
		{1CA377F4-1956-461B-A2F6-24DD8DB623D6}.Debug|Any CPU.Build.0 = Debug|Any CPU
		{1CA377F4-1956-461B-A2F6-24DD8DB623D6}.Debug|Mixed Platforms.ActiveCfg = Debug|Any CPU
		{1CA377F4-1956-461B-A2F6-24DD8DB623D6}.Debug|Mixed Platforms.Build.0 = Debug|Any CPU
		{1CA377F4-1956-461B-A2F6-24DD8DB623D6}.Debug|x86.ActiveCfg = Debug|Any CPU
		{1CA377F4-1956-461B-A2F6-24DD8DB623D6}.Debug32|Any CPU.ActiveCfg = Debug32|x86
		{1CA377F4-1956-461B-A2F6-24DD8DB623D6}.Debug32|Any CPU.Build.0 = Debug32|x86
		{1CA377F4-1956-461B-A2F6-24DD8DB623D6}.Debug32|Mixed Platforms.ActiveCfg = Debug32|x86
		{1CA377F4-1956-461B-A2F6-24DD8DB623D6}.Debug32|Mixed Platforms.Build.0 = Debug32|x86
		{1CA377F4-1956-461B-A2F6-24DD8DB623D6}.Debug32|x86.ActiveCfg = Debug32|x86
		{1CA377F4-1956-461B-A2F6-24DD8DB623D6}.Debug32|x86.Build.0 = Debug32|x86
		{1CA377F4-1956-461B-A2F6-24DD8DB623D6}.Deployment|Any CPU.ActiveCfg = Deployment|Any CPU
		{1CA377F4-1956-461B-A2F6-24DD8DB623D6}.Deployment|Any CPU.Build.0 = Deployment|Any CPU
		{1CA377F4-1956-461B-A2F6-24DD8DB623D6}.Deployment|Mixed Platforms.ActiveCfg = Deployment|x86
		{1CA377F4-1956-461B-A2F6-24DD8DB623D6}.Deployment|Mixed Platforms.Build.0 = Deployment|x86
		{1CA377F4-1956-461B-A2F6-24DD8DB623D6}.Deployment|x86.ActiveCfg = Deployment|x86
		{1CA377F4-1956-461B-A2F6-24DD8DB623D6}.Deployment|x86.Build.0 = Deployment|x86
		{1CA377F4-1956-461B-A2F6-24DD8DB623D6}.Release|Any CPU.ActiveCfg = Release|Any CPU
		{1CA377F4-1956-461B-A2F6-24DD8DB623D6}.Release|Any CPU.Build.0 = Release|Any CPU
		{1CA377F4-1956-461B-A2F6-24DD8DB623D6}.Release|Mixed Platforms.ActiveCfg = Release|Any CPU
		{1CA377F4-1956-461B-A2F6-24DD8DB623D6}.Release|Mixed Platforms.Build.0 = Release|Any CPU
		{1CA377F4-1956-461B-A2F6-24DD8DB623D6}.Release|x86.ActiveCfg = Release|Any CPU
		{B3ABBF6A-A1BD-4188-B60B-DD8025C776D7}.Debug|Any CPU.ActiveCfg = Debug|Any CPU
		{B3ABBF6A-A1BD-4188-B60B-DD8025C776D7}.Debug|Any CPU.Build.0 = Debug|Any CPU
		{B3ABBF6A-A1BD-4188-B60B-DD8025C776D7}.Debug|Mixed Platforms.ActiveCfg = Debug|Any CPU
		{B3ABBF6A-A1BD-4188-B60B-DD8025C776D7}.Debug|Mixed Platforms.Build.0 = Debug|Any CPU
		{B3ABBF6A-A1BD-4188-B60B-DD8025C776D7}.Debug|x86.ActiveCfg = Debug|x86
		{B3ABBF6A-A1BD-4188-B60B-DD8025C776D7}.Debug|x86.Build.0 = Debug|x86
		{B3ABBF6A-A1BD-4188-B60B-DD8025C776D7}.Debug32|Any CPU.ActiveCfg = Debug32|x86
		{B3ABBF6A-A1BD-4188-B60B-DD8025C776D7}.Debug32|Any CPU.Build.0 = Debug32|x86
		{B3ABBF6A-A1BD-4188-B60B-DD8025C776D7}.Debug32|Mixed Platforms.ActiveCfg = Debug32|Any CPU
		{B3ABBF6A-A1BD-4188-B60B-DD8025C776D7}.Debug32|Mixed Platforms.Build.0 = Debug32|Any CPU
		{B3ABBF6A-A1BD-4188-B60B-DD8025C776D7}.Debug32|x86.ActiveCfg = Debug32|x86
		{B3ABBF6A-A1BD-4188-B60B-DD8025C776D7}.Debug32|x86.Build.0 = Debug32|x86
		{B3ABBF6A-A1BD-4188-B60B-DD8025C776D7}.Deployment|Any CPU.ActiveCfg = Deployment|Any CPU
		{B3ABBF6A-A1BD-4188-B60B-DD8025C776D7}.Deployment|Any CPU.Build.0 = Deployment|Any CPU
		{B3ABBF6A-A1BD-4188-B60B-DD8025C776D7}.Deployment|Mixed Platforms.ActiveCfg = Deployment|Any CPU
		{B3ABBF6A-A1BD-4188-B60B-DD8025C776D7}.Deployment|Mixed Platforms.Build.0 = Deployment|Any CPU
		{B3ABBF6A-A1BD-4188-B60B-DD8025C776D7}.Deployment|x86.ActiveCfg = Deployment|x86
		{B3ABBF6A-A1BD-4188-B60B-DD8025C776D7}.Deployment|x86.Build.0 = Deployment|x86
		{B3ABBF6A-A1BD-4188-B60B-DD8025C776D7}.Release|Any CPU.ActiveCfg = Release|Any CPU
		{B3ABBF6A-A1BD-4188-B60B-DD8025C776D7}.Release|Any CPU.Build.0 = Release|Any CPU
		{B3ABBF6A-A1BD-4188-B60B-DD8025C776D7}.Release|Mixed Platforms.ActiveCfg = Release|Any CPU
		{B3ABBF6A-A1BD-4188-B60B-DD8025C776D7}.Release|Mixed Platforms.Build.0 = Release|Any CPU
		{B3ABBF6A-A1BD-4188-B60B-DD8025C776D7}.Release|x86.ActiveCfg = Release|x86
		{B3ABBF6A-A1BD-4188-B60B-DD8025C776D7}.Release|x86.Build.0 = Release|x86
		{260671E1-F31F-4D6B-8D34-DD26C9095686}.Debug|Any CPU.ActiveCfg = Debug|Any CPU
		{260671E1-F31F-4D6B-8D34-DD26C9095686}.Debug|Any CPU.Build.0 = Debug|Any CPU
		{260671E1-F31F-4D6B-8D34-DD26C9095686}.Debug|Mixed Platforms.ActiveCfg = Debug|Any CPU
		{260671E1-F31F-4D6B-8D34-DD26C9095686}.Debug|Mixed Platforms.Build.0 = Debug|Any CPU
		{260671E1-F31F-4D6B-8D34-DD26C9095686}.Debug|x86.ActiveCfg = Debug|Any CPU
		{260671E1-F31F-4D6B-8D34-DD26C9095686}.Debug32|Any CPU.ActiveCfg = Debug32|x86
		{260671E1-F31F-4D6B-8D34-DD26C9095686}.Debug32|Any CPU.Build.0 = Debug32|x86
		{260671E1-F31F-4D6B-8D34-DD26C9095686}.Debug32|Mixed Platforms.ActiveCfg = Debug32|x86
		{260671E1-F31F-4D6B-8D34-DD26C9095686}.Debug32|Mixed Platforms.Build.0 = Debug32|x86
		{260671E1-F31F-4D6B-8D34-DD26C9095686}.Debug32|x86.ActiveCfg = Debug32|x86
		{260671E1-F31F-4D6B-8D34-DD26C9095686}.Debug32|x86.Build.0 = Debug32|x86
		{260671E1-F31F-4D6B-8D34-DD26C9095686}.Deployment|Any CPU.ActiveCfg = Deployment|Any CPU
		{260671E1-F31F-4D6B-8D34-DD26C9095686}.Deployment|Any CPU.Build.0 = Deployment|Any CPU
		{260671E1-F31F-4D6B-8D34-DD26C9095686}.Deployment|Mixed Platforms.ActiveCfg = Deployment|x86
		{260671E1-F31F-4D6B-8D34-DD26C9095686}.Deployment|Mixed Platforms.Build.0 = Deployment|x86
		{260671E1-F31F-4D6B-8D34-DD26C9095686}.Deployment|x86.ActiveCfg = Deployment|x86
		{260671E1-F31F-4D6B-8D34-DD26C9095686}.Deployment|x86.Build.0 = Deployment|x86
		{260671E1-F31F-4D6B-8D34-DD26C9095686}.Release|Any CPU.ActiveCfg = Release|Any CPU
		{260671E1-F31F-4D6B-8D34-DD26C9095686}.Release|Any CPU.Build.0 = Release|Any CPU
		{260671E1-F31F-4D6B-8D34-DD26C9095686}.Release|Mixed Platforms.ActiveCfg = Release|Any CPU
		{260671E1-F31F-4D6B-8D34-DD26C9095686}.Release|Mixed Platforms.Build.0 = Release|Any CPU
		{260671E1-F31F-4D6B-8D34-DD26C9095686}.Release|x86.ActiveCfg = Release|Any CPU
		{59367AE4-188D-460E-8BF4-26E5E776E55F}.Debug|Any CPU.ActiveCfg = Debug|Any CPU
		{59367AE4-188D-460E-8BF4-26E5E776E55F}.Debug|Any CPU.Build.0 = Debug|Any CPU
		{59367AE4-188D-460E-8BF4-26E5E776E55F}.Debug|Mixed Platforms.ActiveCfg = Debug|Any CPU
		{59367AE4-188D-460E-8BF4-26E5E776E55F}.Debug|Mixed Platforms.Build.0 = Debug|Any CPU
		{59367AE4-188D-460E-8BF4-26E5E776E55F}.Debug|x86.ActiveCfg = Debug|Any CPU
		{59367AE4-188D-460E-8BF4-26E5E776E55F}.Debug32|Any CPU.ActiveCfg = Debug32|x86
		{59367AE4-188D-460E-8BF4-26E5E776E55F}.Debug32|Any CPU.Build.0 = Debug32|x86
		{59367AE4-188D-460E-8BF4-26E5E776E55F}.Debug32|Mixed Platforms.ActiveCfg = Debug32|x86
		{59367AE4-188D-460E-8BF4-26E5E776E55F}.Debug32|Mixed Platforms.Build.0 = Debug32|x86
		{59367AE4-188D-460E-8BF4-26E5E776E55F}.Debug32|x86.ActiveCfg = Debug32|x86
		{59367AE4-188D-460E-8BF4-26E5E776E55F}.Debug32|x86.Build.0 = Debug32|x86
		{59367AE4-188D-460E-8BF4-26E5E776E55F}.Deployment|Any CPU.ActiveCfg = Deployment|Any CPU
		{59367AE4-188D-460E-8BF4-26E5E776E55F}.Deployment|Any CPU.Build.0 = Deployment|Any CPU
		{59367AE4-188D-460E-8BF4-26E5E776E55F}.Deployment|Mixed Platforms.ActiveCfg = Deployment|x86
		{59367AE4-188D-460E-8BF4-26E5E776E55F}.Deployment|Mixed Platforms.Build.0 = Deployment|x86
		{59367AE4-188D-460E-8BF4-26E5E776E55F}.Deployment|x86.ActiveCfg = Deployment|x86
		{59367AE4-188D-460E-8BF4-26E5E776E55F}.Deployment|x86.Build.0 = Deployment|x86
		{59367AE4-188D-460E-8BF4-26E5E776E55F}.Release|Any CPU.ActiveCfg = Release|Any CPU
		{59367AE4-188D-460E-8BF4-26E5E776E55F}.Release|Any CPU.Build.0 = Release|Any CPU
		{59367AE4-188D-460E-8BF4-26E5E776E55F}.Release|Mixed Platforms.ActiveCfg = Release|Any CPU
		{59367AE4-188D-460E-8BF4-26E5E776E55F}.Release|Mixed Platforms.Build.0 = Release|Any CPU
		{59367AE4-188D-460E-8BF4-26E5E776E55F}.Release|x86.ActiveCfg = Release|Any CPU
		{28172683-71FC-41C2-9067-8224E73EB39D}.Debug|Any CPU.ActiveCfg = Debug|Any CPU
		{28172683-71FC-41C2-9067-8224E73EB39D}.Debug|Any CPU.Build.0 = Debug|Any CPU
		{28172683-71FC-41C2-9067-8224E73EB39D}.Debug|Mixed Platforms.ActiveCfg = Debug|Any CPU
		{28172683-71FC-41C2-9067-8224E73EB39D}.Debug|Mixed Platforms.Build.0 = Debug|Any CPU
		{28172683-71FC-41C2-9067-8224E73EB39D}.Debug|x86.ActiveCfg = Debug|Any CPU
		{28172683-71FC-41C2-9067-8224E73EB39D}.Debug32|Any CPU.ActiveCfg = Debug32|x86
		{28172683-71FC-41C2-9067-8224E73EB39D}.Debug32|Any CPU.Build.0 = Debug32|x86
		{28172683-71FC-41C2-9067-8224E73EB39D}.Debug32|Mixed Platforms.ActiveCfg = Debug32|x86
		{28172683-71FC-41C2-9067-8224E73EB39D}.Debug32|Mixed Platforms.Build.0 = Debug32|x86
		{28172683-71FC-41C2-9067-8224E73EB39D}.Debug32|x86.ActiveCfg = Debug32|x86
		{28172683-71FC-41C2-9067-8224E73EB39D}.Debug32|x86.Build.0 = Debug32|x86
		{28172683-71FC-41C2-9067-8224E73EB39D}.Deployment|Any CPU.ActiveCfg = Deployment|Any CPU
		{28172683-71FC-41C2-9067-8224E73EB39D}.Deployment|Any CPU.Build.0 = Deployment|Any CPU
		{28172683-71FC-41C2-9067-8224E73EB39D}.Deployment|Mixed Platforms.ActiveCfg = Deployment|x86
		{28172683-71FC-41C2-9067-8224E73EB39D}.Deployment|Mixed Platforms.Build.0 = Deployment|x86
		{28172683-71FC-41C2-9067-8224E73EB39D}.Deployment|x86.ActiveCfg = Deployment|x86
		{28172683-71FC-41C2-9067-8224E73EB39D}.Deployment|x86.Build.0 = Deployment|x86
		{28172683-71FC-41C2-9067-8224E73EB39D}.Release|Any CPU.ActiveCfg = Release|Any CPU
		{28172683-71FC-41C2-9067-8224E73EB39D}.Release|Any CPU.Build.0 = Release|Any CPU
		{28172683-71FC-41C2-9067-8224E73EB39D}.Release|Mixed Platforms.ActiveCfg = Release|Any CPU
		{28172683-71FC-41C2-9067-8224E73EB39D}.Release|Mixed Platforms.Build.0 = Release|Any CPU
		{28172683-71FC-41C2-9067-8224E73EB39D}.Release|x86.ActiveCfg = Release|Any CPU
	EndGlobalSection
	GlobalSection(SolutionProperties) = preSolution
		HideSolutionNode = FALSE
	EndGlobalSection
EndGlobal
